// !$*UTF8*$!
{
	archiveVersion = 1;
	classes = {
	};
	objectVersion = 50;
	objects = {

/* Begin PBXBuildFile section */
		000632C72240AD2A00C9794C /* AppDelegate.swift in Sources */ = {isa = PBXBuildFile; fileRef = 000632C62240AD2A00C9794C /* AppDelegate.swift */; };
		000632C92240AD2A00C9794C /* TrackListTableViewController.swift in Sources */ = {isa = PBXBuildFile; fileRef = 000632C82240AD2A00C9794C /* TrackListTableViewController.swift */; };
		000632CB2240AD2A00C9794C /* DetailViewController.swift in Sources */ = {isa = PBXBuildFile; fileRef = 000632CA2240AD2A00C9794C /* DetailViewController.swift */; };
		000632CE2240AD2B00C9794C /* Main.storyboard in Resources */ = {isa = PBXBuildFile; fileRef = 000632CC2240AD2B00C9794C /* Main.storyboard */; };
		000632D02240AD4300C9794C /* Assets.xcassets in Resources */ = {isa = PBXBuildFile; fileRef = 000632CF2240AD4300C9794C /* Assets.xcassets */; };
		000632D32240AD4300C9794C /* LaunchScreen.storyboard in Resources */ = {isa = PBXBuildFile; fileRef = 000632D12240AD4300C9794C /* LaunchScreen.storyboard */; };
		000632DE2240B34C00C9794C /* Downloader.swift in Sources */ = {isa = PBXBuildFile; fileRef = 000632DD2240B34C00C9794C /* Downloader.swift */; };
		000632E12240B48300C9794C /* Track.swift in Sources */ = {isa = PBXBuildFile; fileRef = 000632E02240B48300C9794C /* Track.swift */; };
		000632E32240D5AD00C9794C /* Constants.swift in Sources */ = {isa = PBXBuildFile; fileRef = 000632E22240D5AD00C9794C /* Constants.swift */; };
		000632E52240D79100C9794C /* Common.swift in Sources */ = {isa = PBXBuildFile; fileRef = 000632E42240D79100C9794C /* Common.swift */; };
		000632E82240DAEF00C9794C /* TrackTableViewCell.swift in Sources */ = {isa = PBXBuildFile; fileRef = 000632E72240DAEF00C9794C /* TrackTableViewCell.swift */; };
		005C08F82241CCF200B8ECB5 /* HeaderView.swift in Sources */ = {isa = PBXBuildFile; fileRef = 005C08F72241CCF200B8ECB5 /* HeaderView.swift */; };
		005C08FB2241CD8900B8ECB5 /* HeaderView.xib in Resources */ = {isa = PBXBuildFile; fileRef = 005C08FA2241CD8900B8ECB5 /* HeaderView.xib */; };
/* End PBXBuildFile section */

/* Begin PBXFileReference section */
		000632C32240AD2A00C9794C /* Track App.app */ = {isa = PBXFileReference; explicitFileType = wrapper.application; includeInIndex = 0; path = "Track App.app"; sourceTree = BUILT_PRODUCTS_DIR; };
		000632C62240AD2A00C9794C /* AppDelegate.swift */ = {isa = PBXFileReference; lastKnownFileType = sourcecode.swift; path = AppDelegate.swift; sourceTree = "<group>"; };
		000632C82240AD2A00C9794C /* TrackListTableViewController.swift */ = {isa = PBXFileReference; lastKnownFileType = sourcecode.swift; path = TrackListTableViewController.swift; sourceTree = "<group>"; };
		000632CA2240AD2A00C9794C /* DetailViewController.swift */ = {isa = PBXFileReference; lastKnownFileType = sourcecode.swift; path = DetailViewController.swift; sourceTree = "<group>"; };
		000632CD2240AD2B00C9794C /* Base */ = {isa = PBXFileReference; lastKnownFileType = file.storyboard; name = Base; path = Base.lproj/Main.storyboard; sourceTree = "<group>"; };
		000632CF2240AD4300C9794C /* Assets.xcassets */ = {isa = PBXFileReference; lastKnownFileType = folder.assetcatalog; path = Assets.xcassets; sourceTree = "<group>"; };
		000632D22240AD4300C9794C /* Base */ = {isa = PBXFileReference; lastKnownFileType = file.storyboard; name = Base; path = Base.lproj/LaunchScreen.storyboard; sourceTree = "<group>"; };
		000632D42240AD4300C9794C /* Info.plist */ = {isa = PBXFileReference; lastKnownFileType = text.plist.xml; path = Info.plist; sourceTree = "<group>"; };
		000632DD2240B34C00C9794C /* Downloader.swift */ = {isa = PBXFileReference; fileEncoding = 4; lastKnownFileType = sourcecode.swift; path = Downloader.swift; sourceTree = "<group>"; };
		000632E02240B48300C9794C /* Track.swift */ = {isa = PBXFileReference; lastKnownFileType = sourcecode.swift; path = Track.swift; sourceTree = "<group>"; };
		000632E22240D5AD00C9794C /* Constants.swift */ = {isa = PBXFileReference; lastKnownFileType = sourcecode.swift; path = Constants.swift; sourceTree = "<group>"; };
		000632E42240D79100C9794C /* Common.swift */ = {isa = PBXFileReference; lastKnownFileType = sourcecode.swift; path = Common.swift; sourceTree = "<group>"; };
		000632E72240DAEF00C9794C /* TrackTableViewCell.swift */ = {isa = PBXFileReference; lastKnownFileType = sourcecode.swift; path = TrackTableViewCell.swift; sourceTree = "<group>"; };
		005C08F72241CCF200B8ECB5 /* HeaderView.swift */ = {isa = PBXFileReference; lastKnownFileType = sourcecode.swift; path = HeaderView.swift; sourceTree = "<group>"; };
		005C08FA2241CD8900B8ECB5 /* HeaderView.xib */ = {isa = PBXFileReference; lastKnownFileType = file.xib; path = HeaderView.xib; sourceTree = "<group>"; };
/* End PBXFileReference section */

/* Begin PBXFrameworksBuildPhase section */
		000632C02240AD2A00C9794C /* Frameworks */ = {
			isa = PBXFrameworksBuildPhase;
			buildActionMask = 2147483647;
			files = (
			);
			runOnlyForDeploymentPostprocessing = 0;
		};
/* End PBXFrameworksBuildPhase section */

/* Begin PBXGroup section */
		000632BA2240AD2A00C9794C = {
			isa = PBXGroup;
			children = (
				000632C52240AD2A00C9794C /* Track App */,
				000632C42240AD2A00C9794C /* Products */,
			);
			sourceTree = "<group>";
		};
		000632C42240AD2A00C9794C /* Products */ = {
			isa = PBXGroup;
			children = (
				000632C32240AD2A00C9794C /* Track App.app */,
			);
			name = Products;
			sourceTree = "<group>";
		};
		000632C52240AD2A00C9794C /* Track App */ = {
			isa = PBXGroup;
			children = (
				000632DC2240B33F00C9794C /* Utilities */,
				000632DB2240B2AF00C9794C /* Storyboards */,
				000632DF2240B46300C9794C /* Models */,
				000632E62240DAC100C9794C /* Views */,
				000632DA2240B29D00C9794C /* ViewControllers */,
				000632C62240AD2A00C9794C /* AppDelegate.swift */,
				000632CF2240AD4300C9794C /* Assets.xcassets */,
				000632D42240AD4300C9794C /* Info.plist */,
			);
			path = "Track App";
			sourceTree = "<group>";
		};
		000632DA2240B29D00C9794C /* ViewControllers */ = {
			isa = PBXGroup;
			children = (
				000632C82240AD2A00C9794C /* TrackListTableViewController.swift */,
				000632CA2240AD2A00C9794C /* DetailViewController.swift */,
			);
			path = ViewControllers;
			sourceTree = "<group>";
		};
		000632DB2240B2AF00C9794C /* Storyboards */ = {
			isa = PBXGroup;
			children = (
				000632CC2240AD2B00C9794C /* Main.storyboard */,
				000632D12240AD4300C9794C /* LaunchScreen.storyboard */,
			);
			path = Storyboards;
			sourceTree = "<group>";
		};
		000632DC2240B33F00C9794C /* Utilities */ = {
			isa = PBXGroup;
			children = (
				000632DD2240B34C00C9794C /* Downloader.swift */,
				000632E22240D5AD00C9794C /* Constants.swift */,
				000632E42240D79100C9794C /* Common.swift */,
			);
			path = Utilities;
			sourceTree = "<group>";
		};
		000632DF2240B46300C9794C /* Models */ = {
			isa = PBXGroup;
			children = (
				000632E02240B48300C9794C /* Track.swift */,
			);
			path = Models;
			sourceTree = "<group>";
		};
		000632E62240DAC100C9794C /* Views */ = {
			isa = PBXGroup;
			children = (
				005C08F92241CD7500B8ECB5 /* Nibs */,
				000632E72240DAEF00C9794C /* TrackTableViewCell.swift */,
				005C08F72241CCF200B8ECB5 /* HeaderView.swift */,
			);
			path = Views;
			sourceTree = "<group>";
		};
		005C08F92241CD7500B8ECB5 /* Nibs */ = {
			isa = PBXGroup;
			children = (
				005C08FA2241CD8900B8ECB5 /* HeaderView.xib */,
			);
			path = Nibs;
			sourceTree = "<group>";
		};
/* End PBXGroup section */

/* Begin PBXNativeTarget section */
		000632C22240AD2A00C9794C /* Track App */ = {
			isa = PBXNativeTarget;
			buildConfigurationList = 000632D72240AD4300C9794C /* Build configuration list for PBXNativeTarget "Track App" */;
			buildPhases = (
				000632BF2240AD2A00C9794C /* Sources */,
				000632C02240AD2A00C9794C /* Frameworks */,
				000632C12240AD2A00C9794C /* Resources */,
			);
			buildRules = (
			);
			dependencies = (
			);
			name = "Track App";
			productName = "Track App";
			productReference = 000632C32240AD2A00C9794C /* Track App.app */;
			productType = "com.apple.product-type.application";
		};
/* End PBXNativeTarget section */

/* Begin PBXProject section */
		000632BB2240AD2A00C9794C /* Project object */ = {
			isa = PBXProject;
			attributes = {
				LastSwiftUpdateCheck = 1010;
				LastUpgradeCheck = 1010;
				ORGANIZATIONNAME = goglynvile;
				TargetAttributes = {
					000632C22240AD2A00C9794C = {
						CreatedOnToolsVersion = 10.1;
					};
				};
			};
			buildConfigurationList = 000632BE2240AD2A00C9794C /* Build configuration list for PBXProject "Track App" */;
			compatibilityVersion = "Xcode 9.3";
			developmentRegion = en;
			hasScannedForEncodings = 0;
			knownRegions = (
				en,
				Base,
			);
			mainGroup = 000632BA2240AD2A00C9794C;
			productRefGroup = 000632C42240AD2A00C9794C /* Products */;
			projectDirPath = "";
			projectRoot = "";
			targets = (
				000632C22240AD2A00C9794C /* Track App */,
			);
		};
/* End PBXProject section */

/* Begin PBXResourcesBuildPhase section */
		000632C12240AD2A00C9794C /* Resources */ = {
			isa = PBXResourcesBuildPhase;
			buildActionMask = 2147483647;
			files = (
				000632D32240AD4300C9794C /* LaunchScreen.storyboard in Resources */,
				000632D02240AD4300C9794C /* Assets.xcassets in Resources */,
				000632CE2240AD2B00C9794C /* Main.storyboard in Resources */,
				005C08FB2241CD8900B8ECB5 /* HeaderView.xib in Resources */,
			);
			runOnlyForDeploymentPostprocessing = 0;
		};
/* End PBXResourcesBuildPhase section */

/* Begin PBXSourcesBuildPhase section */
		000632BF2240AD2A00C9794C /* Sources */ = {
			isa = PBXSourcesBuildPhase;
			buildActionMask = 2147483647;
			files = (
				000632CB2240AD2A00C9794C /* DetailViewController.swift in Sources */,
				005C08F82241CCF200B8ECB5 /* HeaderView.swift in Sources */,
				000632E12240B48300C9794C /* Track.swift in Sources */,
				000632C92240AD2A00C9794C /* TrackListTableViewController.swift in Sources */,
				000632E82240DAEF00C9794C /* TrackTableViewCell.swift in Sources */,
				000632DE2240B34C00C9794C /* Downloader.swift in Sources */,
				000632C72240AD2A00C9794C /* AppDelegate.swift in Sources */,
				000632E32240D5AD00C9794C /* Constants.swift in Sources */,
				000632E52240D79100C9794C /* Common.swift in Sources */,
			);
			runOnlyForDeploymentPostprocessing = 0;
		};
/* End PBXSourcesBuildPhase section */

/* Begin PBXVariantGroup section */
		000632CC2240AD2B00C9794C /* Main.storyboard */ = {
			isa = PBXVariantGroup;
			children = (
				000632CD2240AD2B00C9794C /* Base */,
			);
			name = Main.storyboard;
			sourceTree = "<group>";
		};
		000632D12240AD4300C9794C /* LaunchScreen.storyboard */ = {
			isa = PBXVariantGroup;
			children = (
				000632D22240AD4300C9794C /* Base */,
			);
			name = LaunchScreen.storyboard;
			sourceTree = "<group>";
		};
/* End PBXVariantGroup section */

/* Begin XCBuildConfiguration section */
		000632D52240AD4300C9794C /* Debug */ = {
			isa = XCBuildConfiguration;
			buildSettings = {
				ALWAYS_SEARCH_USER_PATHS = NO;
				CLANG_ANALYZER_NONNULL = YES;
				CLANG_ANALYZER_NUMBER_OBJECT_CONVERSION = YES_AGGRESSIVE;
				CLANG_CXX_LANGUAGE_STANDARD = "gnu++14";
				CLANG_CXX_LIBRARY = "libc++";
				CLANG_ENABLE_MODULES = YES;
				CLANG_ENABLE_OBJC_ARC = YES;
				CLANG_ENABLE_OBJC_WEAK = YES;
				CLANG_WARN_BLOCK_CAPTURE_AUTORELEASING = YES;
				CLANG_WARN_BOOL_CONVERSION = YES;
				CLANG_WARN_COMMA = YES;
				CLANG_WARN_CONSTANT_CONVERSION = YES;
				CLANG_WARN_DEPRECATED_OBJC_IMPLEMENTATIONS = YES;
				CLANG_WARN_DIRECT_OBJC_ISA_USAGE = YES_ERROR;
				CLANG_WARN_DOCUMENTATION_COMMENTS = YES;
				CLANG_WARN_EMPTY_BODY = YES;
				CLANG_WARN_ENUM_CONVERSION = YES;
				CLANG_WARN_INFINITE_RECURSION = YES;
				CLANG_WARN_INT_CONVERSION = YES;
				CLANG_WARN_NON_LITERAL_NULL_CONVERSION = YES;
				CLANG_WARN_OBJC_IMPLICIT_RETAIN_SELF = YES;
				CLANG_WARN_OBJC_LITERAL_CONVERSION = YES;
				CLANG_WARN_OBJC_ROOT_CLASS = YES_ERROR;
				CLANG_WARN_RANGE_LOOP_ANALYSIS = YES;
				CLANG_WARN_STRICT_PROTOTYPES = YES;
				CLANG_WARN_SUSPICIOUS_MOVE = YES;
				CLANG_WARN_UNGUARDED_AVAILABILITY = YES_AGGRESSIVE;
				CLANG_WARN_UNREACHABLE_CODE = YES;
				CLANG_WARN__DUPLICATE_METHOD_MATCH = YES;
				CODE_SIGN_IDENTITY = "iPhone Developer";
				COPY_PHASE_STRIP = NO;
				DEBUG_INFORMATION_FORMAT = dwarf;
				ENABLE_STRICT_OBJC_MSGSEND = YES;
				ENABLE_TESTABILITY = YES;
				GCC_C_LANGUAGE_STANDARD = gnu11;
				GCC_DYNAMIC_NO_PIC = NO;
				GCC_NO_COMMON_BLOCKS = YES;
				GCC_OPTIMIZATION_LEVEL = 0;
				GCC_PREPROCESSOR_DEFINITIONS = (
					"DEBUG=1",
					"$(inherited)",
				);
				GCC_WARN_64_TO_32_BIT_CONVERSION = YES;
				GCC_WARN_ABOUT_RETURN_TYPE = YES_ERROR;
				GCC_WARN_UNDECLARED_SELECTOR = YES;
				GCC_WARN_UNINITIALIZED_AUTOS = YES_AGGRESSIVE;
				GCC_WARN_UNUSED_FUNCTION = YES;
				GCC_WARN_UNUSED_VARIABLE = YES;
				IPHONEOS_DEPLOYMENT_TARGET = 12.1;
				MTL_ENABLE_DEBUG_INFO = INCLUDE_SOURCE;
				MTL_FAST_MATH = YES;
				ONLY_ACTIVE_ARCH = YES;
				SDKROOT = iphoneos;
				SWIFT_ACTIVE_COMPILATION_CONDITIONS = DEBUG;
				SWIFT_OPTIMIZATION_LEVEL = "-Onone";
			};
			name = Debug;
		};
		000632D62240AD4300C9794C /* Release */ = {
			isa = XCBuildConfiguration;
			buildSettings = {
				ALWAYS_SEARCH_USER_PATHS = NO;
				CLANG_ANALYZER_NONNULL = YES;
				CLANG_ANALYZER_NUMBER_OBJECT_CONVERSION = YES_AGGRESSIVE;
				CLANG_CXX_LANGUAGE_STANDARD = "gnu++14";
				CLANG_CXX_LIBRARY = "libc++";
				CLANG_ENABLE_MODULES = YES;
				CLANG_ENABLE_OBJC_ARC = YES;
				CLANG_ENABLE_OBJC_WEAK = YES;
				CLANG_WARN_BLOCK_CAPTURE_AUTORELEASING = YES;
				CLANG_WARN_BOOL_CONVERSION = YES;
				CLANG_WARN_COMMA = YES;
				CLANG_WARN_CONSTANT_CONVERSION = YES;
				CLANG_WARN_DEPRECATED_OBJC_IMPLEMENTATIONS = YES;
				CLANG_WARN_DIRECT_OBJC_ISA_USAGE = YES_ERROR;
				CLANG_WARN_DOCUMENTATION_COMMENTS = YES;
				CLANG_WARN_EMPTY_BODY = YES;
				CLANG_WARN_ENUM_CONVERSION = YES;
				CLANG_WARN_INFINITE_RECURSION = YES;
				CLANG_WARN_INT_CONVERSION = YES;
				CLANG_WARN_NON_LITERAL_NULL_CONVERSION = YES;
				CLANG_WARN_OBJC_IMPLICIT_RETAIN_SELF = YES;
				CLANG_WARN_OBJC_LITERAL_CONVERSION = YES;
				CLANG_WARN_OBJC_ROOT_CLASS = YES_ERROR;
				CLANG_WARN_RANGE_LOOP_ANALYSIS = YES;
				CLANG_WARN_STRICT_PROTOTYPES = YES;
				CLANG_WARN_SUSPICIOUS_MOVE = YES;
				CLANG_WARN_UNGUARDED_AVAILABILITY = YES_AGGRESSIVE;
				CLANG_WARN_UNREACHABLE_CODE = YES;
				CLANG_WARN__DUPLICATE_METHOD_MATCH = YES;
				CODE_SIGN_IDENTITY = "iPhone Developer";
				COPY_PHASE_STRIP = NO;
				DEBUG_INFORMATION_FORMAT = "dwarf-with-dsym";
				ENABLE_NS_ASSERTIONS = NO;
				ENABLE_STRICT_OBJC_MSGSEND = YES;
				GCC_C_LANGUAGE_STANDARD = gnu11;
				GCC_NO_COMMON_BLOCKS = YES;
				GCC_WARN_64_TO_32_BIT_CONVERSION = YES;
				GCC_WARN_ABOUT_RETURN_TYPE = YES_ERROR;
				GCC_WARN_UNDECLARED_SELECTOR = YES;
				GCC_WARN_UNINITIALIZED_AUTOS = YES_AGGRESSIVE;
				GCC_WARN_UNUSED_FUNCTION = YES;
				GCC_WARN_UNUSED_VARIABLE = YES;
				IPHONEOS_DEPLOYMENT_TARGET = 12.1;
				MTL_ENABLE_DEBUG_INFO = NO;
				MTL_FAST_MATH = YES;
				SDKROOT = iphoneos;
				SWIFT_COMPILATION_MODE = wholemodule;
				SWIFT_OPTIMIZATION_LEVEL = "-O";
				VALIDATE_PRODUCT = YES;
			};
			name = Release;
		};
		000632D82240AD4300C9794C /* Debug */ = {
			isa = XCBuildConfiguration;
			buildSettings = {
				ASSETCATALOG_COMPILER_APPICON_NAME = AppIcon;
				CODE_SIGN_IDENTITY = "iPhone Developer";
				CODE_SIGN_STYLE = Automatic;
				DEVELOPMENT_TEAM = FU5DHAC5M7;
				INFOPLIST_FILE = "Track App/Info.plist";
				LD_RUNPATH_SEARCH_PATHS = (
					"$(inherited)",
					"@executable_path/Frameworks",
				);
				PRODUCT_BUNDLE_IDENTIFIER = "com.molmezltd.Track-App";
				PRODUCT_NAME = "$(TARGET_NAME)";
				PROVISIONING_PROFILE_SPECIFIER = "";
				SWIFT_VERSION = 4.2;
				TARGETED_DEVICE_FAMILY = "1,2";
			};
			name = Debug;
		};
		000632D92240AD4300C9794C /* Release */ = {
			isa = XCBuildConfiguration;
			buildSettings = {
				ASSETCATALOG_COMPILER_APPICON_NAME = AppIcon;
				CODE_SIGN_IDENTITY = "iPhone Developer";
				CODE_SIGN_STYLE = Automatic;
				DEVELOPMENT_TEAM = FU5DHAC5M7;
				INFOPLIST_FILE = "Track App/Info.plist";
				LD_RUNPATH_SEARCH_PATHS = (
					"$(inherited)",
					"@executable_path/Frameworks",
				);
				PRODUCT_BUNDLE_IDENTIFIER = "com.molmezltd.Track-App";
				PRODUCT_NAME = "$(TARGET_NAME)";
				PROVISIONING_PROFILE_SPECIFIER = "";
				SWIFT_VERSION = 4.2;
				TARGETED_DEVICE_FAMILY = "1,2";
			};
			name = Release;
		};
/* End XCBuildConfiguration section */

/* Begin XCConfigurationList section */
		000632BE2240AD2A00C9794C /* Build configuration list for PBXProject "Track App" */ = {
			isa = XCConfigurationList;
			buildConfigurations = (
				000632D52240AD4300C9794C /* Debug */,
				000632D62240AD4300C9794C /* Release */,
			);
			defaultConfigurationIsVisible = 0;
			defaultConfigurationName = Release;
		};
		000632D72240AD4300C9794C /* Build configuration list for PBXNativeTarget "Track App" */ = {
			isa = XCConfigurationList;
			buildConfigurations = (
				000632D82240AD4300C9794C /* Debug */,
				000632D92240AD4300C9794C /* Release */,
			);
			defaultConfigurationIsVisible = 0;
			defaultConfigurationName = Release;
		};
/* End XCConfigurationList section */
	};
	rootObject = 000632BB2240AD2A00C9794C /* Project object */;
}
